github.com/bingoohuang/ngg/q v0.0.0-20240823035053-0eafc8675645 h1:0zXv2XNloRgCoakvIdFxFk7vjPJB2kBqoMCkRnUSp2U=
github.com/bingoohuang/ngg/q v0.0.0-20240823035053-0eafc8675645/go.mod h1:XQOFCRuJHQYRBVaOK/IF08scnC/eGDFyVqI+cYeqye0=
github.com/bingoohuang/ngg/ss v0.0.0-20240823035053-0eafc8675645 h1:Mi45Izb0Y/hAQp4xSCEM2BDrPD0EzGyVEVN5Crm46hs=
github.com/bingoohuang/ngg/ss v0.0.0-20240823035053-0eafc8675645/go.mod h1:iMsSYxnF0wZ7ei7acW5iHtc7B+r8y47/9sHVN89mtcU=
github.com/bingoohuang/ngg/unit v0.0.0-20240823035053-0eafc8675645 h1:evQDUTZDlm9s2xSo9WLl2VT8QGXgqKbgzInXiuF99j8=
github.com/bingoohuang/ngg/unit v0.0.0-20240823035053-0eafc8675645/go.mod h1:p6UKurVIaM5kz/lhpFYKT8ejT5iAQz90qPbXlVtqgHQ=
github.com/davecgh/go-spew v1.1.2-0.20180830191138-d8f796af33cc h1:U9qPSI2PIWSS1VwoXQT9A3Wy9MM3WgvqSxFWenqJduM=
github.com/davecgh/go-spew v1.1.2-0.20180830191138-d8f796af33cc/go.mod h1:J7Y8YcW2NihsgmVo/mv3lAwl/skON4iLHjSsI+c5H38=
github.com/kardianos/osext v0.0.0-20190222173326-2bc1f35cddc0 h1:iQTw/8FWTuc7uiaSepXwyf3o52HaUYcV+Tu66S3F5GA=
github.com/kardianos/osext v0.0.0-20190222173326-2bc1f35cddc0/go.mod h1:1NbS8ALrpOvjt0rHPNLyCIeMtbizbir8U//inJ+zuB8=
github.com/pbnjay/pixfont v0.0.0-20200714042608-33b744692567 h1:pKjmNHL7BCXhgsnSlN6Ov3WAN2jbJMCx6IvrMN9GNfc=
github.com/pbnjay/pixfont v0.0.0-20200714042608-33b744692567/go.mod h1:ytYavTmrpWG4s7UOfDhP6m4ASL5XA66nrOcUn1e2M78=
github.com/pmezard/go-difflib v1.0.1-0.20181226105442-5d4384ee4fb2 h1:Jamvg5psRIccs7FGNTlIRMkT8wgtp5eCXdBlqhYGL6U=
github.com/pmezard/go-difflib v1.0.1-0.20181226105442-5d4384ee4fb2/go.mod h1:iKH77koFhYxTK1pcRnkKkqfTogsbg7gZNVY4sRDYZ/4=
github.com/rogpeppe/go-internal v1.12.0 h1:exVL4IDcn6na9z1rAb56Vxr+CgyK3nn3O+epU5NdKM8=
github.com/rogpeppe/go-internal v1.12.0/go.mod h1:E+RYuTGaKKdloAfM02xzb0FW3Paa99yedzYV+kq4uf4=
github.com/sevlyar/go-daemon v0.1.6 h1:EUh1MDjEM4BI109Jign0EaknA2izkOyi0LV3ro3QQGs=
github.com/sevlyar/go-daemon v0.1.6/go.mod h1:6dJpPatBT9eUwM5VCw9Bt6CdX9Tk6UWvhW3MebLDRKE=
github.com/stretchr/testify v1.9.0 h1:HtqpIVDClZ4nwg75+f6Lvsy/wHu+3BoSGCbBAcpTsTg=
github.com/stretchr/testify v1.9.0/go.mod h1:r2ic/lqez/lEtzL7wO/rwa5dbSLXVDPFyf8C91i36aY=
golang.org/x/sys v0.24.0 h1:Twjiwq9dn6R1fQcyiK+wQyHWfaz/BJB+YIpzU/Cv3Xg=
golang.org/x/sys v0.24.0/go.mod h1:/VUhepiaJMQUp4+oa/7Zr1D23ma6VTLIYjOOTFZPUcA=
gopkg.in/yaml.v3 v3.0.1 h1:fxVm/GzAzEWqLHuvctI91KS9hhNmmWOoWu0XTYJS7CA=
gopkg.in/yaml.v3 v3.0.1/go.mod h1:K4uyk7z7BCEPqu6E+C64Yfv1cQ7kz7rIZviUmN+EgEM=
